
Microsoft Visual Studio Solution File, Format Version 12.00
# Visual Studio Version 17
VisualStudioVersion = 17.7.34202.233
MinimumVisualStudioVersion = 10.0.40219.1
Project("{FAE04EC0-301F-11D3-BF4B-00C04F79EFBC}") = "toDoApi", "toDoApi\toDoApi.csproj", "{B5842541-2B68-451F-8C1F-924FC8AC1C24}"
EndProject
Global
	GlobalSection(SolutionConfigurationPlatforms) = preSolution
		Debug|Any CPU = Debug|Any CPU
		Release|Any CPU = Release|Any CPU
	EndGlobalSection
	GlobalSection(ProjectConfigurationPlatforms) = postSolution
		{B5842541-2B68-451F-8C1F-924FC8AC1C24}.Debug|Any CPU.ActiveCfg = Debug|Any CPU
		{B5842541-2B68-451F-8C1F-924FC8AC1C24}.Debug|Any CPU.Build.0 = Debug|Any CPU
		{B5842541-2B68-451F-8C1F-924FC8AC1C24}.Release|Any CPU.ActiveCfg = Release|Any CPU
		{B5842541-2B68-451F-8C1F-924FC8AC1C24}.Release|Any CPU.Build.0 = Release|Any CPU
	EndGlobalSection
	GlobalSection(SolutionProperties) = preSolution
		HideSolutionNode = FALSE
	EndGlobalSection
	GlobalSection(ExtensibilityGlobals) = postSolution
		SolutionGuid = {7EBC74FD-74CF-40FF-8E44-CA4555AFD0B3}
	EndGlobalSection
EndGlobal
